
Microsoft Visual Studio Solution File, Format Version 10.00
# Visual Studio 2008
Project("{FAE04EC0-301F-11D3-BF4B-00C04F79EFBC}") = "Perfect.Common", "Perfect.Common.csproj", "{22BFD379-2273-4605-822E-E1EE6121C7C6}"
EndProject
Project("{FAE04EC0-301F-11D3-BF4B-00C04F79EFBC}") = "Test", "..\Test\Test.csproj", "{D9679162-39F3-4F36-9DE4-15150C14B259}"
EndProject
Global
	GlobalSection(SolutionConfigurationPlatforms) = preSolution
		Debug|Any CPU = Debug|Any CPU
		Release|Any CPU = Release|Any CPU
	EndGlobalSection
	GlobalSection(ProjectConfigurationPlatforms) = postSolution
		{22BFD379-2273-4605-822E-E1EE6121C7C6}.Debug|Any CPU.ActiveCfg = Debug|Any CPU
		{22BFD379-2273-4605-822E-E1EE6121C7C6}.Debug|Any CPU.Build.0 = Debug|Any CPU
		{22BFD379-2273-4605-822E-E1EE6121C7C6}.Release|Any CPU.ActiveCfg = Release|Any CPU
		{22BFD379-2273-4605-822E-E1EE6121C7C6}.Release|Any CPU.Build.0 = Release|Any CPU
		{D9679162-39F3-4F36-9DE4-15150C14B259}.Debug|Any CPU.ActiveCfg = Debug|Any CPU
		{D9679162-39F3-4F36-9DE4-15150C14B259}.Debug|Any CPU.Build.0 = Debug|Any CPU
		{D9679162-39F3-4F36-9DE4-15150C14B259}.Release|Any CPU.ActiveCfg = Release|Any CPU
		{D9679162-39F3-4F36-9DE4-15150C14B259}.Release|Any CPU.Build.0 = Release|Any CPU
	EndGlobalSection
	GlobalSection(SolutionProperties) = preSolution
		HideSolutionNode = FALSE
	EndGlobalSection
EndGlobal
